// !$*UTF8*$!
{
	archiveVersion = 1;
	classes = {
	};
	objectVersion = 46;
	objects = {

/* Begin PBXBuildFile section */
		3A4CE8E116EBDF2200C7928C /* SFEventViewController.m in Sources */ = {isa = PBXBuildFile; fileRef = 3A4CE8E016EBDF2200C7928C /* SFEventViewController.m */; };
		3A4CE8E416ECEA2300C7928C /* SFPopoverNavigationBar.m in Sources */ = {isa = PBXBuildFile; fileRef = 3A4CE8E316ECEA2300C7928C /* SFPopoverNavigationBar.m */; };
		3A4CE8E716ECF16600C7928C /* SFPopoverToolbar.m in Sources */ = {isa = PBXBuildFile; fileRef = 3A4CE8E616ECF16600C7928C /* SFPopoverToolbar.m */; };
		3A4CE8EA16ED1A1300C7928C /* SFLocationNameCell.m in Sources */ = {isa = PBXBuildFile; fileRef = 3A4CE8E916ED1A1300C7928C /* SFLocationNameCell.m */; };
		3A4CE8ED16ED2CCA00C7928C /* SFHeroCell.m in Sources */ = {isa = PBXBuildFile; fileRef = 3A4CE8EC16ED2CCA00C7928C /* SFHeroCell.m */; };
		3A6CBA2F16DAA60200B4F041 /* UIKit.framework in Frameworks */ = {isa = PBXBuildFile; fileRef = 3A6CBA2E16DAA60200B4F041 /* UIKit.framework */; };
		3A6CBA3116DAA60200B4F041 /* Foundation.framework in Frameworks */ = {isa = PBXBuildFile; fileRef = 3A6CBA3016DAA60200B4F041 /* Foundation.framework */; };
		3A6CBA3316DAA60200B4F041 /* CoreGraphics.framework in Frameworks */ = {isa = PBXBuildFile; fileRef = 3A6CBA3216DAA60200B4F041 /* CoreGraphics.framework */; };
		3A6CBA3916DAA60200B4F041 /* InfoPlist.strings in Resources */ = {isa = PBXBuildFile; fileRef = 3A6CBA3716DAA60200B4F041 /* InfoPlist.strings */; };
		3A6CBA3B16DAA60200B4F041 /* main.m in Sources */ = {isa = PBXBuildFile; fileRef = 3A6CBA3A16DAA60200B4F041 /* main.m */; };
		3A6CBA3F16DAA60300B4F041 /* SFAppDelegate.m in Sources */ = {isa = PBXBuildFile; fileRef = 3A6CBA3E16DAA60300B4F041 /* SFAppDelegate.m */; };
		3A6CBA4116DAA60300B4F041 /* Default.png in Resources */ = {isa = PBXBuildFile; fileRef = 3A6CBA4016DAA60300B4F041 /* Default.png */; };
		3A6CBA4316DAA60300B4F041 /* Default@2x.png in Resources */ = {isa = PBXBuildFile; fileRef = 3A6CBA4216DAA60300B4F041 /* Default@2x.png */; };
		3A6CBA4516DAA60300B4F041 /* Default-568h@2x.png in Resources */ = {isa = PBXBuildFile; fileRef = 3A6CBA4416DAA60300B4F041 /* Default-568h@2x.png */; };
		3A6CBAA116DAA6A000B4F041 /* Announcement.m in Sources */ = {isa = PBXBuildFile; fileRef = 3A6CBA4C16DAA69E00B4F041 /* Announcement.m */; };
		3A6CBAA216DAA6A000B4F041 /* Event.m in Sources */ = {isa = PBXBuildFile; fileRef = 3A6CBA4E16DAA69E00B4F041 /* Event.m */; };
		3A6CBAA316DAA6A000B4F041 /* Film.m in Sources */ = {isa = PBXBuildFile; fileRef = 3A6CBA5016DAA69E00B4F041 /* Film.m */; };
		3A6CBAA416DAA6A000B4F041 /* FuturaCom-Bold.ttf in Resources */ = {isa = PBXBuildFile; fileRef = 3A6CBA5116DAA69E00B4F041 /* FuturaCom-Bold.ttf */; };
		3A6CBAA516DAA6A000B4F041 /* Icon-72.png in Resources */ = {isa = PBXBuildFile; fileRef = 3A6CBA5216DAA69E00B4F041 /* Icon-72.png */; };
		3A6CBAA616DAA6A000B4F041 /* Icon-72@2x.png in Resources */ = {isa = PBXBuildFile; fileRef = 3A6CBA5316DAA69E00B4F041 /* Icon-72@2x.png */; };
		3A6CBAA716DAA6A000B4F041 /* Icon-Small-50.png in Resources */ = {isa = PBXBuildFile; fileRef = 3A6CBA5416DAA69E00B4F041 /* Icon-Small-50.png */; };
		3A6CBAA816DAA6A000B4F041 /* Icon-Small-50@2x.png in Resources */ = {isa = PBXBuildFile; fileRef = 3A6CBA5516DAA69F00B4F041 /* Icon-Small-50@2x.png */; };
		3A6CBAA916DAA6A000B4F041 /* Icon-Small.png in Resources */ = {isa = PBXBuildFile; fileRef = 3A6CBA5616DAA69F00B4F041 /* Icon-Small.png */; };
		3A6CBAAA16DAA6A000B4F041 /* Icon-Small@2x.png in Resources */ = {isa = PBXBuildFile; fileRef = 3A6CBA5716DAA69F00B4F041 /* Icon-Small@2x.png */; };
		3A6CBAAB16DAA6A000B4F041 /* Icon.png in Resources */ = {isa = PBXBuildFile; fileRef = 3A6CBA5816DAA69F00B4F041 /* Icon.png */; };
		3A6CBAAC16DAA6A000B4F041 /* Icon@2x.png in Resources */ = {isa = PBXBuildFile; fileRef = 3A6CBA5916DAA69F00B4F041 /* Icon@2x.png */; };
		3A6CBAAD16DAA6A000B4F041 /* iTunesArtwork.png in Resources */ = {isa = PBXBuildFile; fileRef = 3A6CBA5A16DAA69F00B4F041 /* iTunesArtwork.png */; };
		3A6CBAAE16DAA6A000B4F041 /* iTunesArtwork@2x.png in Resources */ = {isa = PBXBuildFile; fileRef = 3A6CBA5B16DAA69F00B4F041 /* iTunesArtwork@2x.png */; };
		3A6CBAAF16DAA6A000B4F041 /* Location.m in Sources */ = {isa = PBXBuildFile; fileRef = 3A6CBA5D16DAA69F00B4F041 /* Location.m */; };
		3A6CBAB016DAA6A000B4F041 /* Person.m in Sources */ = {isa = PBXBuildFile; fileRef = 3A6CBA6016DAA69F00B4F041 /* Person.m */; };
		3A6CBAB116DAA6A000B4F041 /* SFAnnouncementCell.m in Sources */ = {isa = PBXBuildFile; fileRef = 3A6CBA6216DAA69F00B4F041 /* SFAnnouncementCell.m */; };
		3A6CBAB216DAA6A000B4F041 /* SFCollectionViewStickyHeaderFlowLayout.m in Sources */ = {isa = PBXBuildFile; fileRef = 3A6CBA6416DAA69F00B4F041 /* SFCollectionViewStickyHeaderFlowLayout.m */; };
		3A6CBAB416DAA6A000B4F041 /* SFConstants.m in Sources */ = {isa = PBXBuildFile; fileRef = 3A6CBA6816DAA69F00B4F041 /* SFConstants.m */; };
		3A6CBAB516DAA6A000B4F041 /* SFCurrentTimeHorizontalGridlineBackground.png in Resources */ = {isa = PBXBuildFile; fileRef = 3A6CBA6916DAA69F00B4F041 /* SFCurrentTimeHorizontalGridlineBackground.png */; };
		3A6CBAB616DAA6A000B4F041 /* SFCurrentTimeHorizontalGridlineBackground@2x.png in Resources */ = {isa = PBXBuildFile; fileRef = 3A6CBA6A16DAA69F00B4F041 /* SFCurrentTimeHorizontalGridlineBackground@2x.png */; };
		3A6CBAB716DAA6A000B4F041 /* SFCurrentTimeHorizontalGridlineCollectionReusableView.m in Sources */ = {isa = PBXBuildFile; fileRef = 3A6CBA6C16DAA69F00B4F041 /* SFCurrentTimeHorizontalGridlineCollectionReusableView.m */; };
		3A6CBAB816DAA6A000B4F041 /* SFCurrentTimeIndicatorBackground.png in Resources */ = {isa = PBXBuildFile; fileRef = 3A6CBA6D16DAA69F00B4F041 /* SFCurrentTimeIndicatorBackground.png */; };
		3A6CBAB916DAA6A000B4F041 /* SFCurrentTimeIndicatorBackground@2x.png in Resources */ = {isa = PBXBuildFile; fileRef = 3A6CBA6E16DAA69F00B4F041 /* SFCurrentTimeIndicatorBackground@2x.png */; };
		3A6CBABA16DAA6A000B4F041 /* SFCurrentTimeIndicatorCollectionReusableView.m in Sources */ = {isa = PBXBuildFile; fileRef = 3A6CBA7016DAA69F00B4F041 /* SFCurrentTimeIndicatorCollectionReusableView.m */; };
		3A6CBABB16DAA6A000B4F041 /* SFDayColumnHeaderCollectionReusableView.m in Sources */ = {isa = PBXBuildFile; fileRef = 3A6CBA7216DAA69F00B4F041 /* SFDayColumnHeaderCollectionReusableView.m */; };
		3A6CBABC16DAA6A000B4F041 /* SFEventCell.m in Sources */ = {isa = PBXBuildFile; fileRef = 3A6CBA7416DAA69F00B4F041 /* SFEventCell.m */; };
		3A6CBABD16DAA6A000B4F041 /* SFEventsViewController.m in Sources */ = {isa = PBXBuildFile; fileRef = 3A6CBA7616DAA69F00B4F041 /* SFEventsViewController.m */; };
		3A6CBABE16DAA6A000B4F041 /* SFFilmCell.m in Sources */ = {isa = PBXBuildFile; fileRef = 3A6CBA7816DAA69F00B4F041 /* SFFilmCell.m */; };
		3A6CBABF16DAA6A000B4F041 /* SFFilmsViewController.m in Sources */ = {isa = PBXBuildFile; fileRef = 3A6CBA7A16DAA69F00B4F041 /* SFFilmsViewController.m */; };
		3A6CBAC016DAA6A000B4F041 /* SFFooterBackground.png in Resources */ = {isa = PBXBuildFile; fileRef = 3A6CBA7B16DAA69F00B4F041 /* SFFooterBackground.png */; };
		3A6CBAC116DAA6A000B4F041 /* SFFooterBackground@2x.png in Resources */ = {isa = PBXBuildFile; fileRef = 3A6CBA7C16DAA69F00B4F041 /* SFFooterBackground@2x.png */; };
		3A6CBAC216DAA6A000B4F041 /* SFFooterBackground@2x~ipad.png in Resources */ = {isa = PBXBuildFile; fileRef = 3A6CBA7D16DAA69F00B4F041 /* SFFooterBackground@2x~ipad.png */; };
		3A6CBAC316DAA6A000B4F041 /* SFFooterBackground~ipad.png in Resources */ = {isa = PBXBuildFile; fileRef = 3A6CBA7E16DAA69F00B4F041 /* SFFooterBackground~ipad.png */; };
		3A6CBAC416DAA6A000B4F041 /* SFHeaderBackground.png in Resources */ = {isa = PBXBuildFile; fileRef = 3A6CBA7F16DAA69F00B4F041 /* SFHeaderBackground.png */; };
		3A6CBAC516DAA6A000B4F041 /* SFHeaderBackground@2x.png in Resources */ = {isa = PBXBuildFile; fileRef = 3A6CBA8016DAA69F00B4F041 /* SFHeaderBackground@2x.png */; };
		3A6CBAC616DAA6A000B4F041 /* SFHeaderBackground@2x~ipad.png in Resources */ = {isa = PBXBuildFile; fileRef = 3A6CBA8116DAA69F00B4F041 /* SFHeaderBackground@2x~ipad.png */; };
		3A6CBAC716DAA6A000B4F041 /* SFHeaderBackground~ipad.png in Resources */ = {isa = PBXBuildFile; fileRef = 3A6CBA8216DAA69F00B4F041 /* SFHeaderBackground~ipad.png */; };
		3A6CBAC816DAA6A000B4F041 /* SFHeaderBackgroundCollectionReusableView.m in Sources */ = {isa = PBXBuildFile; fileRef = 3A6CBA8416DAA69F00B4F041 /* SFHeaderBackgroundCollectionReusableView.m */; };
		3A6CBAC916DAA6A000B4F041 /* SFHorizontalGridlineCollectionReusableView.m in Sources */ = {isa = PBXBuildFile; fileRef = 3A6CBA8616DAA69F00B4F041 /* SFHorizontalGridlineCollectionReusableView.m */; };
		3A6CBACA16DAA6A000B4F041 /* SFLocationAnnotation.m in Sources */ = {isa = PBXBuildFile; fileRef = 3A6CBA8816DAA69F00B4F041 /* SFLocationAnnotation.m */; };
		3A6CBACB16DAA6A000B4F041 /* SFLogoBarButtonItemIcon.png in Resources */ = {isa = PBXBuildFile; fileRef = 3A6CBA8916DAA69F00B4F041 /* SFLogoBarButtonItemIcon.png */; };
		3A6CBACC16DAA6A000B4F041 /* SFLogoBarButtonItemIcon@2x.png in Resources */ = {isa = PBXBuildFile; fileRef = 3A6CBA8A16DAA69F00B4F041 /* SFLogoBarButtonItemIcon@2x.png */; };
		3A6CBACD16DAA6A000B4F041 /* SFLogoBarButtonItemIcon@2x~ipad.png in Resources */ = {isa = PBXBuildFile; fileRef = 3A6CBA8B16DAA69F00B4F041 /* SFLogoBarButtonItemIcon@2x~ipad.png */; };
		3A6CBACE16DAA6A000B4F041 /* SFLogoBarButtonItemIcon~ipad.png in Resources */ = {isa = PBXBuildFile; fileRef = 3A6CBA8C16DAA69F00B4F041 /* SFLogoBarButtonItemIcon~ipad.png */; };
		3A6CBACF16DAA6A000B4F041 /* SFLogoView.m in Sources */ = {isa = PBXBuildFile; fileRef = 3A6CBA8E16DAA69F00B4F041 /* SFLogoView.m */; };
		3A6CBAD016DAA6A000B4F041 /* SFMapViewController.m in Sources */ = {isa = PBXBuildFile; fileRef = 3A6CBA9016DAA69F00B4F041 /* SFMapViewController.m */; };
		3A6CBAD116DAA6A000B4F041 /* SFMasterCell.m in Sources */ = {isa = PBXBuildFile; fileRef = 3A6CBA9216DAA69F00B4F041 /* SFMasterCell.m */; };
		3A6CBAD216DAA6A000B4F041 /* SFMasterViewController.m in Sources */ = {isa = PBXBuildFile; fileRef = 3A6CBA9416DAA6A000B4F041 /* SFMasterViewController.m */; };
		3A6CBAD316DAA6A000B4F041 /* SFNavigationBar.m in Sources */ = {isa = PBXBuildFile; fileRef = 3A6CBA9616DAA6A000B4F041 /* SFNavigationBar.m */; };
		3A6CBAD416DAA6A000B4F041 /* SFNewsViewController.m in Sources */ = {isa = PBXBuildFile; fileRef = 3A6CBA9816DAA6A000B4F041 /* SFNewsViewController.m */; };
		3A6CBAD516DAA6A000B4F041 /* SFSplashBackground.jpg in Resources */ = {isa = PBXBuildFile; fileRef = 3A6CBA9916DAA6A000B4F041 /* SFSplashBackground.jpg */; };
		3A6CBAD616DAA6A000B4F041 /* SFSplashViewController.m in Sources */ = {isa = PBXBuildFile; fileRef = 3A6CBA9B16DAA6A000B4F041 /* SFSplashViewController.m */; };
		3A6CBAD716DAA6A000B4F041 /* SFStyleManager.m in Sources */ = {isa = PBXBuildFile; fileRef = 3A6CBA9D16DAA6A000B4F041 /* SFStyleManager.m */; };
		3A6CBAD816DAA6A000B4F041 /* SFTimeRowHeaderCollectionReusableView.m in Sources */ = {isa = PBXBuildFile; fileRef = 3A6CBA9F16DAA6A000B4F041 /* SFTimeRowHeaderCollectionReusableView.m */; };
		3A6CBAD916DAA6A000B4F041 /* SSStandard.ttf in Resources */ = {isa = PBXBuildFile; fileRef = 3A6CBAA016DAA6A000B4F041 /* SSStandard.ttf */; };
		3A6CBADB16DAB29A00B4F041 /* MapKit.framework in Frameworks */ = {isa = PBXBuildFile; fileRef = 3A6CBADA16DAB29A00B4F041 /* MapKit.framework */; };
		3A6CBADE16DAB34000B4F041 /* Stanley.xcdatamodeld in Sources */ = {isa = PBXBuildFile; fileRef = 3A6CBADC16DAB34000B4F041 /* Stanley.xcdatamodeld */; };
		3AAF7ADB16E8244500081130 /* PopoverBackgroundArrowDown.png in Resources */ = {isa = PBXBuildFile; fileRef = 3AAF7ACD16E8244500081130 /* PopoverBackgroundArrowDown.png */; };
		3AAF7ADC16E8244500081130 /* PopoverBackgroundArrowDown@2x.png in Resources */ = {isa = PBXBuildFile; fileRef = 3AAF7ACE16E8244500081130 /* PopoverBackgroundArrowDown@2x.png */; };
		3AAF7ADD16E8244500081130 /* PopoverBackgroundArrowDownRight.png in Resources */ = {isa = PBXBuildFile; fileRef = 3AAF7ACF16E8244500081130 /* PopoverBackgroundArrowDownRight.png */; };
		3AAF7ADE16E8244500081130 /* PopoverBackgroundArrowDownRight@2x.png in Resources */ = {isa = PBXBuildFile; fileRef = 3AAF7AD016E8244500081130 /* PopoverBackgroundArrowDownRight@2x.png */; };
		3AAF7ADF16E8244500081130 /* PopoverBackgroundArrowSide.png in Resources */ = {isa = PBXBuildFile; fileRef = 3AAF7AD116E8244500081130 /* PopoverBackgroundArrowSide.png */; };
		3AAF7AE016E8244500081130 /* PopoverBackgroundArrowSide@2x.png in Resources */ = {isa = PBXBuildFile; fileRef = 3AAF7AD216E8244500081130 /* PopoverBackgroundArrowSide@2x.png */; };
		3AAF7AE116E8244500081130 /* PopoverBackgroundArrowSideBottom.png in Resources */ = {isa = PBXBuildFile; fileRef = 3AAF7AD316E8244500081130 /* PopoverBackgroundArrowSideBottom.png */; };
		3AAF7AE216E8244500081130 /* PopoverBackgroundArrowSideBottom@2x.png in Resources */ = {isa = PBXBuildFile; fileRef = 3AAF7AD416E8244500081130 /* PopoverBackgroundArrowSideBottom@2x.png */; };
		3AAF7AE316E8244500081130 /* PopoverBackgroundArrowSideTop.png in Resources */ = {isa = PBXBuildFile; fileRef = 3AAF7AD516E8244500081130 /* PopoverBackgroundArrowSideTop.png */; };
		3AAF7AE416E8244500081130 /* PopoverBackgroundArrowSideTop@2x.png in Resources */ = {isa = PBXBuildFile; fileRef = 3AAF7AD616E8244500081130 /* PopoverBackgroundArrowSideTop@2x.png */; };
		3AAF7AE516E8244500081130 /* PopoverBackgroundArrowUp.png in Resources */ = {isa = PBXBuildFile; fileRef = 3AAF7AD716E8244500081130 /* PopoverBackgroundArrowUp.png */; };
		3AAF7AE616E8244500081130 /* PopoverBackgroundArrowUp@2x.png in Resources */ = {isa = PBXBuildFile; fileRef = 3AAF7AD816E8244500081130 /* PopoverBackgroundArrowUp@2x.png */; };
		3AAF7AE716E8244500081130 /* PopoverBackgroundArrowUpRight.png in Resources */ = {isa = PBXBuildFile; fileRef = 3AAF7AD916E8244500081130 /* PopoverBackgroundArrowUpRight.png */; };
		3AAF7AE816E8244500081130 /* PopoverBackgroundArrowUpRight@2x.png in Resources */ = {isa = PBXBuildFile; fileRef = 3AAF7ADA16E8244500081130 /* PopoverBackgroundArrowUpRight@2x.png */; };
		3AAF7AEB16E9448300081130 /* SFFilmCellFavoriteIndicator.png in Resources */ = {isa = PBXBuildFile; fileRef = 3AAF7AE916E9448300081130 /* SFFilmCellFavoriteIndicator.png */; };
		3AAF7AEC16E9448300081130 /* SFFilmCellFavoriteIndicator@2x.png in Resources */ = {isa = PBXBuildFile; fileRef = 3AAF7AEA16E9448300081130 /* SFFilmCellFavoriteIndicator@2x.png */; };
		3AAF7AEF16E94D4200081130 /* SFAboutViewController.m in Sources */ = {isa = PBXBuildFile; fileRef = 3AAF7AEE16E94D4100081130 /* SFAboutViewController.m */; };
		3AAF7AF216EA55FF00081130 /* SFToolbar.m in Sources */ = {isa = PBXBuildFile; fileRef = 3AAF7AF116EA55FF00081130 /* SFToolbar.m */; };
		3AAF7AF516EA943C00081130 /* SFWebViewController.m in Sources */ = {isa = PBXBuildFile; fileRef = 3AAF7AF416EA943B00081130 /* SFWebViewController.m */; };
		3AAF7AF816EA947500081130 /* SFTryAgainView.m in Sources */ = {isa = PBXBuildFile; fileRef = 3AAF7AF716EA947500081130 /* SFTryAgainView.m */; };
		3AAF7AFE16EAA7A500081130 /* SFLocationViewController.m in Sources */ = {isa = PBXBuildFile; fileRef = 3AAF7AFD16EAA7A500081130 /* SFLocationViewController.m */; };
		3AAF7B0116EAB45400081130 /* SFMapCell.m in Sources */ = {isa = PBXBuildFile; fileRef = 3AAF7B0016EAB45300081130 /* SFMapCell.m */; };
		3AB2E43716E78FC500A93A7E /* SFFilmViewController.m in Sources */ = {isa = PBXBuildFile; fileRef = 3AB2E43616E78FC500A93A7E /* SFFilmViewController.m */; };
		3AC0C0E116DB3E5600EBF550 /* SFDisclosureButtonBackground.png in Resources */ = {isa = PBXBuildFile; fileRef = 3AC0C0DF16DB3E5600EBF550 /* SFDisclosureButtonBackground.png */; };
		3AC0C0E216DB3E5600EBF550 /* SFDisclosureButtonBackground@2x.png in Resources */ = {isa = PBXBuildFile; fileRef = 3AC0C0E016DB3E5600EBF550 /* SFDisclosureButtonBackground@2x.png */; };
		3AC0C0E916DB3F0F00EBF550 /* SFDisclosureButtonPressedBackground.png in Resources */ = {isa = PBXBuildFile; fileRef = 3AC0C0E716DB3F0F00EBF550 /* SFDisclosureButtonPressedBackground.png */; };
		3AC0C0EA16DB3F0F00EBF550 /* SFDisclosureButtonPressedBackground@2x.png in Resources */ = {isa = PBXBuildFile; fileRef = 3AC0C0E816DB3F0F00EBF550 /* SFDisclosureButtonPressedBackground@2x.png */; };
		3ADFD8EC16E7FD07003B1D22 /* FuturaCom-Medium.ttf in Resources */ = {isa = PBXBuildFile; fileRef = 3ADFD8EB16E7FD07003B1D22 /* FuturaCom-Medium.ttf */; };
		A8745C5921024A15A921C4AD /* libPods.a in Frameworks */ = {isa = PBXBuildFile; fileRef = BC0133068B604C4BA86ECCAD /* libPods.a */; };
/* End PBXBuildFile section */

/* Begin PBXFileReference section */
		3A4CE8DF16EBDF2200C7928C /* SFEventViewController.h */ = {isa = PBXFileReference; fileEncoding = 4; lastKnownFileType = sourcecode.c.h; path = SFEventViewController.h; sourceTree = "<group>"; };
		3A4CE8E016EBDF2200C7928C /* SFEventViewController.m */ = {isa = PBXFileReference; fileEncoding = 4; lastKnownFileType = sourcecode.c.objc; path = SFEventViewController.m; sourceTree = "<group>"; };
		3A4CE8E216ECEA2300C7928C /* SFPopoverNavigationBar.h */ = {isa = PBXFileReference; fileEncoding = 4; lastKnownFileType = sourcecode.c.h; path = SFPopoverNavigationBar.h; sourceTree = "<group>"; };
		3A4CE8E316ECEA2300C7928C /* SFPopoverNavigationBar.m */ = {isa = PBXFileReference; fileEncoding = 4; lastKnownFileType = sourcecode.c.objc; path = SFPopoverNavigationBar.m; sourceTree = "<group>"; };
		3A4CE8E516ECF16600C7928C /* SFPopoverToolbar.h */ = {isa = PBXFileReference; fileEncoding = 4; lastKnownFileType = sourcecode.c.h; path = SFPopoverToolbar.h; sourceTree = "<group>"; };
		3A4CE8E616ECF16600C7928C /* SFPopoverToolbar.m */ = {isa = PBXFileReference; fileEncoding = 4; lastKnownFileType = sourcecode.c.objc; path = SFPopoverToolbar.m; sourceTree = "<group>"; };
		3A4CE8E816ED1A1300C7928C /* SFLocationNameCell.h */ = {isa = PBXFileReference; fileEncoding = 4; lastKnownFileType = sourcecode.c.h; path = SFLocationNameCell.h; sourceTree = "<group>"; };
		3A4CE8E916ED1A1300C7928C /* SFLocationNameCell.m */ = {isa = PBXFileReference; fileEncoding = 4; lastKnownFileType = sourcecode.c.objc; path = SFLocationNameCell.m; sourceTree = "<group>"; };
		3A4CE8EB16ED2CCA00C7928C /* SFHeroCell.h */ = {isa = PBXFileReference; fileEncoding = 4; lastKnownFileType = sourcecode.c.h; path = SFHeroCell.h; sourceTree = "<group>"; };
		3A4CE8EC16ED2CCA00C7928C /* SFHeroCell.m */ = {isa = PBXFileReference; fileEncoding = 4; lastKnownFileType = sourcecode.c.objc; path = SFHeroCell.m; sourceTree = "<group>"; };
		3A6CBA2B16DAA60200B4F041 /* Stanley.app */ = {isa = PBXFileReference; explicitFileType = wrapper.application; includeInIndex = 0; path = Stanley.app; sourceTree = BUILT_PRODUCTS_DIR; };
		3A6CBA2E16DAA60200B4F041 /* UIKit.framework */ = {isa = PBXFileReference; lastKnownFileType = wrapper.framework; name = UIKit.framework; path = System/Library/Frameworks/UIKit.framework; sourceTree = SDKROOT; };
		3A6CBA3016DAA60200B4F041 /* Foundation.framework */ = {isa = PBXFileReference; lastKnownFileType = wrapper.framework; name = Foundation.framework; path = System/Library/Frameworks/Foundation.framework; sourceTree = SDKROOT; };
		3A6CBA3216DAA60200B4F041 /* CoreGraphics.framework */ = {isa = PBXFileReference; lastKnownFileType = wrapper.framework; name = CoreGraphics.framework; path = System/Library/Frameworks/CoreGraphics.framework; sourceTree = SDKROOT; };
		3A6CBA3616DAA60200B4F041 /* Stanley-Info.plist */ = {isa = PBXFileReference; lastKnownFileType = text.plist.xml; path = "Stanley-Info.plist"; sourceTree = "<group>"; };
		3A6CBA3816DAA60200B4F041 /* en */ = {isa = PBXFileReference; lastKnownFileType = text.plist.strings; name = en; path = en.lproj/InfoPlist.strings; sourceTree = "<group>"; };
		3A6CBA3A16DAA60200B4F041 /* main.m */ = {isa = PBXFileReference; lastKnownFileType = sourcecode.c.objc; path = main.m; sourceTree = "<group>"; };
		3A6CBA3C16DAA60200B4F041 /* Stanley-Prefix.pch */ = {isa = PBXFileReference; lastKnownFileType = sourcecode.c.h; path = "Stanley-Prefix.pch"; sourceTree = "<group>"; };
		3A6CBA3D16DAA60300B4F041 /* SFAppDelegate.h */ = {isa = PBXFileReference; lastKnownFileType = sourcecode.c.h; path = SFAppDelegate.h; sourceTree = "<group>"; };
		3A6CBA3E16DAA60300B4F041 /* SFAppDelegate.m */ = {isa = PBXFileReference; lastKnownFileType = sourcecode.c.objc; path = SFAppDelegate.m; sourceTree = "<group>"; };
		3A6CBA4016DAA60300B4F041 /* Default.png */ = {isa = PBXFileReference; lastKnownFileType = image.png; path = Default.png; sourceTree = "<group>"; };
		3A6CBA4216DAA60300B4F041 /* Default@2x.png */ = {isa = PBXFileReference; lastKnownFileType = image.png; path = "Default@2x.png"; sourceTree = "<group>"; };
		3A6CBA4416DAA60300B4F041 /* Default-568h@2x.png */ = {isa = PBXFileReference; lastKnownFileType = image.png; path = "Default-568h@2x.png"; sourceTree = "<group>"; };
		3A6CBA4B16DAA69E00B4F041 /* Announcement.h */ = {isa = PBXFileReference; fileEncoding = 4; lastKnownFileType = sourcecode.c.h; path = Announcement.h; sourceTree = "<group>"; };
		3A6CBA4C16DAA69E00B4F041 /* Announcement.m */ = {isa = PBXFileReference; fileEncoding = 4; lastKnownFileType = sourcecode.c.objc; path = Announcement.m; sourceTree = "<group>"; };
		3A6CBA4D16DAA69E00B4F041 /* Event.h */ = {isa = PBXFileReference; fileEncoding = 4; lastKnownFileType = sourcecode.c.h; path = Event.h; sourceTree = "<group>"; };
		3A6CBA4E16DAA69E00B4F041 /* Event.m */ = {isa = PBXFileReference; fileEncoding = 4; lastKnownFileType = sourcecode.c.objc; path = Event.m; sourceTree = "<group>"; };
		3A6CBA4F16DAA69E00B4F041 /* Film.h */ = {isa = PBXFileReference; fileEncoding = 4; lastKnownFileType = sourcecode.c.h; path = Film.h; sourceTree = "<group>"; };
		3A6CBA5016DAA69E00B4F041 /* Film.m */ = {isa = PBXFileReference; fileEncoding = 4; lastKnownFileType = sourcecode.c.objc; path = Film.m; sourceTree = "<group>"; };
		3A6CBA5116DAA69E00B4F041 /* FuturaCom-Bold.ttf */ = {isa = PBXFileReference; lastKnownFileType = file; path = "FuturaCom-Bold.ttf"; sourceTree = "<group>"; };
		3A6CBA5216DAA69E00B4F041 /* Icon-72.png */ = {isa = PBXFileReference; lastKnownFileType = image.png; path = "Icon-72.png"; sourceTree = "<group>"; };
		3A6CBA5316DAA69E00B4F041 /* Icon-72@2x.png */ = {isa = PBXFileReference; lastKnownFileType = image.png; path = "Icon-72@2x.png"; sourceTree = "<group>"; };
		3A6CBA5416DAA69E00B4F041 /* Icon-Small-50.png */ = {isa = PBXFileReference; lastKnownFileType = image.png; path = "Icon-Small-50.png"; sourceTree = "<group>"; };
		3A6CBA5516DAA69F00B4F041 /* Icon-Small-50@2x.png */ = {isa = PBXFileReference; lastKnownFileType = image.png; path = "Icon-Small-50@2x.png"; sourceTree = "<group>"; };
		3A6CBA5616DAA69F00B4F041 /* Icon-Small.png */ = {isa = PBXFileReference; lastKnownFileType = image.png; path = "Icon-Small.png"; sourceTree = "<group>"; };
		3A6CBA5716DAA69F00B4F041 /* Icon-Small@2x.png */ = {isa = PBXFileReference; lastKnownFileType = image.png; path = "Icon-Small@2x.png"; sourceTree = "<group>"; };
		3A6CBA5816DAA69F00B4F041 /* Icon.png */ = {isa = PBXFileReference; lastKnownFileType = image.png; path = Icon.png; sourceTree = "<group>"; };
		3A6CBA5916DAA69F00B4F041 /* Icon@2x.png */ = {isa = PBXFileReference; lastKnownFileType = image.png; path = "Icon@2x.png"; sourceTree = "<group>"; };
		3A6CBA5A16DAA69F00B4F041 /* iTunesArtwork.png */ = {isa = PBXFileReference; lastKnownFileType = image.png; path = iTunesArtwork.png; sourceTree = "<group>"; };
		3A6CBA5B16DAA69F00B4F041 /* iTunesArtwork@2x.png */ = {isa = PBXFileReference; lastKnownFileType = image.png; path = "iTunesArtwork@2x.png"; sourceTree = "<group>"; };
		3A6CBA5C16DAA69F00B4F041 /* Location.h */ = {isa = PBXFileReference; fileEncoding = 4; lastKnownFileType = sourcecode.c.h; path = Location.h; sourceTree = "<group>"; };
		3A6CBA5D16DAA69F00B4F041 /* Location.m */ = {isa = PBXFileReference; fileEncoding = 4; lastKnownFileType = sourcecode.c.objc; path = Location.m; sourceTree = "<group>"; };
		3A6CBA5E16DAA69F00B4F041 /* MSSystemVersion.h */ = {isa = PBXFileReference; fileEncoding = 4; lastKnownFileType = sourcecode.c.h; path = MSSystemVersion.h; sourceTree = "<group>"; };
		3A6CBA5F16DAA69F00B4F041 /* Person.h */ = {isa = PBXFileReference; fileEncoding = 4; lastKnownFileType = sourcecode.c.h; path = Person.h; sourceTree = "<group>"; };
		3A6CBA6016DAA69F00B4F041 /* Person.m */ = {isa = PBXFileReference; fileEncoding = 4; lastKnownFileType = sourcecode.c.objc; path = Person.m; sourceTree = "<group>"; };
		3A6CBA6116DAA69F00B4F041 /* SFAnnouncementCell.h */ = {isa = PBXFileReference; fileEncoding = 4; lastKnownFileType = sourcecode.c.h; path = SFAnnouncementCell.h; sourceTree = "<group>"; };
		3A6CBA6216DAA69F00B4F041 /* SFAnnouncementCell.m */ = {isa = PBXFileReference; fileEncoding = 4; lastKnownFileType = sourcecode.c.objc; path = SFAnnouncementCell.m; sourceTree = "<group>"; };
		3A6CBA6316DAA69F00B4F041 /* SFCollectionViewStickyHeaderFlowLayout.h */ = {isa = PBXFileReference; fileEncoding = 4; lastKnownFileType = sourcecode.c.h; path = SFCollectionViewStickyHeaderFlowLayout.h; sourceTree = "<group>"; };
		3A6CBA6416DAA69F00B4F041 /* SFCollectionViewStickyHeaderFlowLayout.m */ = {isa = PBXFileReference; fileEncoding = 4; lastKnownFileType = sourcecode.c.objc; path = SFCollectionViewStickyHeaderFlowLayout.m; sourceTree = "<group>"; };
		3A6CBA6716DAA69F00B4F041 /* SFConstants.h */ = {isa = PBXFileReference; fileEncoding = 4; lastKnownFileType = sourcecode.c.h; path = SFConstants.h; sourceTree = "<group>"; };
		3A6CBA6816DAA69F00B4F041 /* SFConstants.m */ = {isa = PBXFileReference; fileEncoding = 4; lastKnownFileType = sourcecode.c.objc; path = SFConstants.m; sourceTree = "<group>"; };
		3A6CBA6916DAA69F00B4F041 /* SFCurrentTimeHorizontalGridlineBackground.png */ = {isa = PBXFileReference; lastKnownFileType = image.png; path = SFCurrentTimeHorizontalGridlineBackground.png; sourceTree = "<group>"; };
		3A6CBA6A16DAA69F00B4F041 /* SFCurrentTimeHorizontalGridlineBackground@2x.png */ = {isa = PBXFileReference; lastKnownFileType = image.png; path = "SFCurrentTimeHorizontalGridlineBackground@2x.png"; sourceTree = "<group>"; };
		3A6CBA6B16DAA69F00B4F041 /* SFCurrentTimeHorizontalGridlineCollectionReusableView.h */ = {isa = PBXFileReference; fileEncoding = 4; lastKnownFileType = sourcecode.c.h; path = SFCurrentTimeHorizontalGridlineCollectionReusableView.h; sourceTree = "<group>"; };
		3A6CBA6C16DAA69F00B4F041 /* SFCurrentTimeHorizontalGridlineCollectionReusableView.m */ = {isa = PBXFileReference; fileEncoding = 4; lastKnownFileType = sourcecode.c.objc; path = SFCurrentTimeHorizontalGridlineCollectionReusableView.m; sourceTree = "<group>"; };
		3A6CBA6D16DAA69F00B4F041 /* SFCurrentTimeIndicatorBackground.png */ = {isa = PBXFileReference; lastKnownFileType = image.png; path = SFCurrentTimeIndicatorBackground.png; sourceTree = "<group>"; };
		3A6CBA6E16DAA69F00B4F041 /* SFCurrentTimeIndicatorBackground@2x.png */ = {isa = PBXFileReference; lastKnownFileType = image.png; path = "SFCurrentTimeIndicatorBackground@2x.png"; sourceTree = "<group>"; };
		3A6CBA6F16DAA69F00B4F041 /* SFCurrentTimeIndicatorCollectionReusableView.h */ = {isa = PBXFileReference; fileEncoding = 4; lastKnownFileType = sourcecode.c.h; path = SFCurrentTimeIndicatorCollectionReusableView.h; sourceTree = "<group>"; };
		3A6CBA7016DAA69F00B4F041 /* SFCurrentTimeIndicatorCollectionReusableView.m */ = {isa = PBXFileReference; fileEncoding = 4; lastKnownFileType = sourcecode.c.objc; path = SFCurrentTimeIndicatorCollectionReusableView.m; sourceTree = "<group>"; };
		3A6CBA7116DAA69F00B4F041 /* SFDayColumnHeaderCollectionReusableView.h */ = {isa = PBXFileReference; fileEncoding = 4; lastKnownFileType = sourcecode.c.h; path = SFDayColumnHeaderCollectionReusableView.h; sourceTree = "<group>"; };
		3A6CBA7216DAA69F00B4F041 /* SFDayColumnHeaderCollectionReusableView.m */ = {isa = PBXFileReference; fileEncoding = 4; lastKnownFileType = sourcecode.c.objc; path = SFDayColumnHeaderCollectionReusableView.m; sourceTree = "<group>"; };
		3A6CBA7316DAA69F00B4F041 /* SFEventCell.h */ = {isa = PBXFileReference; fileEncoding = 4; lastKnownFileType = sourcecode.c.h; path = SFEventCell.h; sourceTree = "<group>"; };
		3A6CBA7416DAA69F00B4F041 /* SFEventCell.m */ = {isa = PBXFileReference; fileEncoding = 4; lastKnownFileType = sourcecode.c.objc; path = SFEventCell.m; sourceTree = "<group>"; };
		3A6CBA7516DAA69F00B4F041 /* SFEventsViewController.h */ = {isa = PBXFileReference; fileEncoding = 4; lastKnownFileType = sourcecode.c.h; path = SFEventsViewController.h; sourceTree = "<group>"; };
		3A6CBA7616DAA69F00B4F041 /* SFEventsViewController.m */ = {isa = PBXFileReference; fileEncoding = 4; lastKnownFileType = sourcecode.c.objc; path = SFEventsViewController.m; sourceTree = "<group>"; };
		3A6CBA7716DAA69F00B4F041 /* SFFilmCell.h */ = {isa = PBXFileReference; fileEncoding = 4; lastKnownFileType = sourcecode.c.h; path = SFFilmCell.h; sourceTree = "<group>"; };
		3A6CBA7816DAA69F00B4F041 /* SFFilmCell.m */ = {isa = PBXFileReference; fileEncoding = 4; lastKnownFileType = sourcecode.c.objc; path = SFFilmCell.m; sourceTree = "<group>"; };
		3A6CBA7916DAA69F00B4F041 /* SFFilmsViewController.h */ = {isa = PBXFileReference; fileEncoding = 4; lastKnownFileType = sourcecode.c.h; path = SFFilmsViewController.h; sourceTree = "<group>"; };
		3A6CBA7A16DAA69F00B4F041 /* SFFilmsViewController.m */ = {isa = PBXFileReference; fileEncoding = 4; lastKnownFileType = sourcecode.c.objc; path = SFFilmsViewController.m; sourceTree = "<group>"; };
		3A6CBA7B16DAA69F00B4F041 /* SFFooterBackground.png */ = {isa = PBXFileReference; lastKnownFileType = image.png; path = SFFooterBackground.png; sourceTree = "<group>"; };
		3A6CBA7C16DAA69F00B4F041 /* SFFooterBackground@2x.png */ = {isa = PBXFileReference; lastKnownFileType = image.png; path = "SFFooterBackground@2x.png"; sourceTree = "<group>"; };
		3A6CBA7D16DAA69F00B4F041 /* SFFooterBackground@2x~ipad.png */ = {isa = PBXFileReference; lastKnownFileType = image.png; path = "SFFooterBackground@2x~ipad.png"; sourceTree = "<group>"; };
		3A6CBA7E16DAA69F00B4F041 /* SFFooterBackground~ipad.png */ = {isa = PBXFileReference; lastKnownFileType = image.png; path = "SFFooterBackground~ipad.png"; sourceTree = "<group>"; };
		3A6CBA7F16DAA69F00B4F041 /* SFHeaderBackground.png */ = {isa = PBXFileReference; lastKnownFileType = image.png; path = SFHeaderBackground.png; sourceTree = "<group>"; };
		3A6CBA8016DAA69F00B4F041 /* SFHeaderBackground@2x.png */ = {isa = PBXFileReference; lastKnownFileType = image.png; path = "SFHeaderBackground@2x.png"; sourceTree = "<group>"; };
		3A6CBA8116DAA69F00B4F041 /* SFHeaderBackground@2x~ipad.png */ = {isa = PBXFileReference; lastKnownFileType = image.png; path = "SFHeaderBackground@2x~ipad.png"; sourceTree = "<group>"; };
		3A6CBA8216DAA69F00B4F041 /* SFHeaderBackground~ipad.png */ = {isa = PBXFileReference; lastKnownFileType = image.png; path = "SFHeaderBackground~ipad.png"; sourceTree = "<group>"; };
		3A6CBA8316DAA69F00B4F041 /* SFHeaderBackgroundCollectionReusableView.h */ = {isa = PBXFileReference; fileEncoding = 4; lastKnownFileType = sourcecode.c.h; path = SFHeaderBackgroundCollectionReusableView.h; sourceTree = "<group>"; };
		3A6CBA8416DAA69F00B4F041 /* SFHeaderBackgroundCollectionReusableView.m */ = {isa = PBXFileReference; fileEncoding = 4; lastKnownFileType = sourcecode.c.objc; path = SFHeaderBackgroundCollectionReusableView.m; sourceTree = "<group>"; };
		3A6CBA8516DAA69F00B4F041 /* SFHorizontalGridlineCollectionReusableView.h */ = {isa = PBXFileReference; fileEncoding = 4; lastKnownFileType = sourcecode.c.h; path = SFHorizontalGridlineCollectionReusableView.h; sourceTree = "<group>"; };
		3A6CBA8616DAA69F00B4F041 /* SFHorizontalGridlineCollectionReusableView.m */ = {isa = PBXFileReference; fileEncoding = 4; lastKnownFileType = sourcecode.c.objc; path = SFHorizontalGridlineCollectionReusableView.m; sourceTree = "<group>"; };
		3A6CBA8716DAA69F00B4F041 /* SFLocationAnnotation.h */ = {isa = PBXFileReference; fileEncoding = 4; lastKnownFileType = sourcecode.c.h; path = SFLocationAnnotation.h; sourceTree = "<group>"; };
		3A6CBA8816DAA69F00B4F041 /* SFLocationAnnotation.m */ = {isa = PBXFileReference; fileEncoding = 4; lastKnownFileType = sourcecode.c.objc; path = SFLocationAnnotation.m; sourceTree = "<group>"; };
		3A6CBA8916DAA69F00B4F041 /* SFLogoBarButtonItemIcon.png */ = {isa = PBXFileReference; lastKnownFileType = image.png; path = SFLogoBarButtonItemIcon.png; sourceTree = "<group>"; };
		3A6CBA8A16DAA69F00B4F041 /* SFLogoBarButtonItemIcon@2x.png */ = {isa = PBXFileReference; lastKnownFileType = image.png; path = "SFLogoBarButtonItemIcon@2x.png"; sourceTree = "<group>"; };
		3A6CBA8B16DAA69F00B4F041 /* SFLogoBarButtonItemIcon@2x~ipad.png */ = {isa = PBXFileReference; lastKnownFileType = image.png; path = "SFLogoBarButtonItemIcon@2x~ipad.png"; sourceTree = "<group>"; };
		3A6CBA8C16DAA69F00B4F041 /* SFLogoBarButtonItemIcon~ipad.png */ = {isa = PBXFileReference; lastKnownFileType = image.png; path = "SFLogoBarButtonItemIcon~ipad.png"; sourceTree = "<group>"; };
		3A6CBA8D16DAA69F00B4F041 /* SFLogoView.h */ = {isa = PBXFileReference; fileEncoding = 4; lastKnownFileType = sourcecode.c.h; path = SFLogoView.h; sourceTree = "<group>"; };
		3A6CBA8E16DAA69F00B4F041 /* SFLogoView.m */ = {isa = PBXFileReference; fileEncoding = 4; lastKnownFileType = sourcecode.c.objc; path = SFLogoView.m; sourceTree = "<group>"; };
		3A6CBA8F16DAA69F00B4F041 /* SFMapViewController.h */ = {isa = PBXFileReference; fileEncoding = 4; lastKnownFileType = sourcecode.c.h; path = SFMapViewController.h; sourceTree = "<group>"; };
		3A6CBA9016DAA69F00B4F041 /* SFMapViewController.m */ = {isa = PBXFileReference; fileEncoding = 4; lastKnownFileType = sourcecode.c.objc; path = SFMapViewController.m; sourceTree = "<group>"; };
		3A6CBA9116DAA69F00B4F041 /* SFMasterCell.h */ = {isa = PBXFileReference; fileEncoding = 4; lastKnownFileType = sourcecode.c.h; path = SFMasterCell.h; sourceTree = "<group>"; };
		3A6CBA9216DAA69F00B4F041 /* SFMasterCell.m */ = {isa = PBXFileReference; fileEncoding = 4; lastKnownFileType = sourcecode.c.objc; path = SFMasterCell.m; sourceTree = "<group>"; };
		3A6CBA9316DAA69F00B4F041 /* SFMasterViewController.h */ = {isa = PBXFileReference; fileEncoding = 4; lastKnownFileType = sourcecode.c.h; path = SFMasterViewController.h; sourceTree = "<group>"; };
		3A6CBA9416DAA6A000B4F041 /* SFMasterViewController.m */ = {isa = PBXFileReference; fileEncoding = 4; lastKnownFileType = sourcecode.c.objc; path = SFMasterViewController.m; sourceTree = "<group>"; };
		3A6CBA9516DAA6A000B4F041 /* SFNavigationBar.h */ = {isa = PBXFileReference; fileEncoding = 4; lastKnownFileType = sourcecode.c.h; path = SFNavigationBar.h; sourceTree = "<group>"; };
		3A6CBA9616DAA6A000B4F041 /* SFNavigationBar.m */ = {isa = PBXFileReference; fileEncoding = 4; lastKnownFileType = sourcecode.c.objc; path = SFNavigationBar.m; sourceTree = "<group>"; };
		3A6CBA9716DAA6A000B4F041 /* SFNewsViewController.h */ = {isa = PBXFileReference; fileEncoding = 4; lastKnownFileType = sourcecode.c.h; path = SFNewsViewController.h; sourceTree = "<group>"; };
		3A6CBA9816DAA6A000B4F041 /* SFNewsViewController.m */ = {isa = PBXFileReference; fileEncoding = 4; lastKnownFileType = sourcecode.c.objc; path = SFNewsViewController.m; sourceTree = "<group>"; };
		3A6CBA9916DAA6A000B4F041 /* SFSplashBackground.jpg */ = {isa = PBXFileReference; lastKnownFileType = image.jpeg; path = SFSplashBackground.jpg; sourceTree = "<group>"; };
		3A6CBA9A16DAA6A000B4F041 /* SFSplashViewController.h */ = {isa = PBXFileReference; fileEncoding = 4; lastKnownFileType = sourcecode.c.h; path = SFSplashViewController.h; sourceTree = "<group>"; };
		3A6CBA9B16DAA6A000B4F041 /* SFSplashViewController.m */ = {isa = PBXFileReference; fileEncoding = 4; lastKnownFileType = sourcecode.c.objc; path = SFSplashViewController.m; sourceTree = "<group>"; };
		3A6CBA9C16DAA6A000B4F041 /* SFStyleManager.h */ = {isa = PBXFileReference; fileEncoding = 4; lastKnownFileType = sourcecode.c.h; path = SFStyleManager.h; sourceTree = "<group>"; };
		3A6CBA9D16DAA6A000B4F041 /* SFStyleManager.m */ = {isa = PBXFileReference; fileEncoding = 4; lastKnownFileType = sourcecode.c.objc; path = SFStyleManager.m; sourceTree = "<group>"; };
		3A6CBA9E16DAA6A000B4F041 /* SFTimeRowHeaderCollectionReusableView.h */ = {isa = PBXFileReference; fileEncoding = 4; lastKnownFileType = sourcecode.c.h; path = SFTimeRowHeaderCollectionReusableView.h; sourceTree = "<group>"; };
		3A6CBA9F16DAA6A000B4F041 /* SFTimeRowHeaderCollectionReusableView.m */ = {isa = PBXFileReference; fileEncoding = 4; lastKnownFileType = sourcecode.c.objc; path = SFTimeRowHeaderCollectionReusableView.m; sourceTree = "<group>"; };
		3A6CBAA016DAA6A000B4F041 /* SSStandard.ttf */ = {isa = PBXFileReference; lastKnownFileType = file; path = SSStandard.ttf; sourceTree = "<group>"; };
		3A6CBADA16DAB29A00B4F041 /* MapKit.framework */ = {isa = PBXFileReference; lastKnownFileType = wrapper.framework; name = MapKit.framework; path = System/Library/Frameworks/MapKit.framework; sourceTree = SDKROOT; };
		3A6CBADD16DAB34000B4F041 /* Stanley.xcdatamodel */ = {isa = PBXFileReference; lastKnownFileType = wrapper.xcdatamodel; path = Stanley.xcdatamodel; sourceTree = "<group>"; };
		3AAF7ACD16E8244500081130 /* PopoverBackgroundArrowDown.png */ = {isa = PBXFileReference; lastKnownFileType = image.png; path = PopoverBackgroundArrowDown.png; sourceTree = "<group>"; };
		3AAF7ACE16E8244500081130 /* PopoverBackgroundArrowDown@2x.png */ = {isa = PBXFileReference; lastKnownFileType = image.png; path = "PopoverBackgroundArrowDown@2x.png"; sourceTree = "<group>"; };
		3AAF7ACF16E8244500081130 /* PopoverBackgroundArrowDownRight.png */ = {isa = PBXFileReference; lastKnownFileType = image.png; path = PopoverBackgroundArrowDownRight.png; sourceTree = "<group>"; };
		3AAF7AD016E8244500081130 /* PopoverBackgroundArrowDownRight@2x.png */ = {isa = PBXFileReference; lastKnownFileType = image.png; path = "PopoverBackgroundArrowDownRight@2x.png"; sourceTree = "<group>"; };
		3AAF7AD116E8244500081130 /* PopoverBackgroundArrowSide.png */ = {isa = PBXFileReference; lastKnownFileType = image.png; path = PopoverBackgroundArrowSide.png; sourceTree = "<group>"; };
		3AAF7AD216E8244500081130 /* PopoverBackgroundArrowSide@2x.png */ = {isa = PBXFileReference; lastKnownFileType = image.png; path = "PopoverBackgroundArrowSide@2x.png"; sourceTree = "<group>"; };
		3AAF7AD316E8244500081130 /* PopoverBackgroundArrowSideBottom.png */ = {isa = PBXFileReference; lastKnownFileType = image.png; path = PopoverBackgroundArrowSideBottom.png; sourceTree = "<group>"; };
		3AAF7AD416E8244500081130 /* PopoverBackgroundArrowSideBottom@2x.png */ = {isa = PBXFileReference; lastKnownFileType = image.png; path = "PopoverBackgroundArrowSideBottom@2x.png"; sourceTree = "<group>"; };
		3AAF7AD516E8244500081130 /* PopoverBackgroundArrowSideTop.png */ = {isa = PBXFileReference; lastKnownFileType = image.png; path = PopoverBackgroundArrowSideTop.png; sourceTree = "<group>"; };
		3AAF7AD616E8244500081130 /* PopoverBackgroundArrowSideTop@2x.png */ = {isa = PBXFileReference; lastKnownFileType = image.png; path = "PopoverBackgroundArrowSideTop@2x.png"; sourceTree = "<group>"; };
		3AAF7AD716E8244500081130 /* PopoverBackgroundArrowUp.png */ = {isa = PBXFileReference; lastKnownFileType = image.png; path = PopoverBackgroundArrowUp.png; sourceTree = "<group>"; };
		3AAF7AD816E8244500081130 /* PopoverBackgroundArrowUp@2x.png */ = {isa = PBXFileReference; lastKnownFileType = image.png; path = "PopoverBackgroundArrowUp@2x.png"; sourceTree = "<group>"; };
		3AAF7AD916E8244500081130 /* PopoverBackgroundArrowUpRight.png */ = {isa = PBXFileReference; lastKnownFileType = image.png; path = PopoverBackgroundArrowUpRight.png; sourceTree = "<group>"; };
		3AAF7ADA16E8244500081130 /* PopoverBackgroundArrowUpRight@2x.png */ = {isa = PBXFileReference; lastKnownFileType = image.png; path = "PopoverBackgroundArrowUpRight@2x.png"; sourceTree = "<group>"; };
		3AAF7AE916E9448300081130 /* SFFilmCellFavoriteIndicator.png */ = {isa = PBXFileReference; lastKnownFileType = image.png; path = SFFilmCellFavoriteIndicator.png; sourceTree = "<group>"; };
		3AAF7AEA16E9448300081130 /* SFFilmCellFavoriteIndicator@2x.png */ = {isa = PBXFileReference; lastKnownFileType = image.png; path = "SFFilmCellFavoriteIndicator@2x.png"; sourceTree = "<group>"; };
		3AAF7AED16E94D4100081130 /* SFAboutViewController.h */ = {isa = PBXFileReference; fileEncoding = 4; lastKnownFileType = sourcecode.c.h; path = SFAboutViewController.h; sourceTree = "<group>"; };
		3AAF7AEE16E94D4100081130 /* SFAboutViewController.m */ = {isa = PBXFileReference; fileEncoding = 4; lastKnownFileType = sourcecode.c.objc; path = SFAboutViewController.m; sourceTree = "<group>"; };
		3AAF7AF016EA55FF00081130 /* SFToolbar.h */ = {isa = PBXFileReference; fileEncoding = 4; lastKnownFileType = sourcecode.c.h; path = SFToolbar.h; sourceTree = "<group>"; };
		3AAF7AF116EA55FF00081130 /* SFToolbar.m */ = {isa = PBXFileReference; fileEncoding = 4; lastKnownFileType = sourcecode.c.objc; path = SFToolbar.m; sourceTree = "<group>"; };
		3AAF7AF316EA943B00081130 /* SFWebViewController.h */ = {isa = PBXFileReference; fileEncoding = 4; lastKnownFileType = sourcecode.c.h; path = SFWebViewController.h; sourceTree = "<group>"; };
		3AAF7AF416EA943B00081130 /* SFWebViewController.m */ = {isa = PBXFileReference; fileEncoding = 4; lastKnownFileType = sourcecode.c.objc; path = SFWebViewController.m; sourceTree = "<group>"; };
		3AAF7AF616EA947500081130 /* SFTryAgainView.h */ = {isa = PBXFileReference; fileEncoding = 4; lastKnownFileType = sourcecode.c.h; path = SFTryAgainView.h; sourceTree = "<group>"; };
		3AAF7AF716EA947500081130 /* SFTryAgainView.m */ = {isa = PBXFileReference; fileEncoding = 4; lastKnownFileType = sourcecode.c.objc; path = SFTryAgainView.m; sourceTree = "<group>"; };
		3AAF7AFC16EAA7A500081130 /* SFLocationViewController.h */ = {isa = PBXFileReference; fileEncoding = 4; lastKnownFileType = sourcecode.c.h; path = SFLocationViewController.h; sourceTree = "<group>"; };
		3AAF7AFD16EAA7A500081130 /* SFLocationViewController.m */ = {isa = PBXFileReference; fileEncoding = 4; lastKnownFileType = sourcecode.c.objc; path = SFLocationViewController.m; sourceTree = "<group>"; };
		3AAF7AFF16EAB45300081130 /* SFMapCell.h */ = {isa = PBXFileReference; fileEncoding = 4; lastKnownFileType = sourcecode.c.h; path = SFMapCell.h; sourceTree = "<group>"; };
		3AAF7B0016EAB45300081130 /* SFMapCell.m */ = {isa = PBXFileReference; fileEncoding = 4; lastKnownFileType = sourcecode.c.objc; path = SFMapCell.m; sourceTree = "<group>"; };
		3AB2E43516E78FC500A93A7E /* SFFilmViewController.h */ = {isa = PBXFileReference; fileEncoding = 4; lastKnownFileType = sourcecode.c.h; path = SFFilmViewController.h; sourceTree = "<group>"; };
		3AB2E43616E78FC500A93A7E /* SFFilmViewController.m */ = {isa = PBXFileReference; fileEncoding = 4; lastKnownFileType = sourcecode.c.objc; path = SFFilmViewController.m; sourceTree = "<group>"; };
		3AC0C0DF16DB3E5600EBF550 /* SFDisclosureButtonBackground.png */ = {isa = PBXFileReference; lastKnownFileType = image.png; path = SFDisclosureButtonBackground.png; sourceTree = "<group>"; };
		3AC0C0E016DB3E5600EBF550 /* SFDisclosureButtonBackground@2x.png */ = {isa = PBXFileReference; lastKnownFileType = image.png; path = "SFDisclosureButtonBackground@2x.png"; sourceTree = "<group>"; };
		3AC0C0E716DB3F0F00EBF550 /* SFDisclosureButtonPressedBackground.png */ = {isa = PBXFileReference; lastKnownFileType = image.png; path = SFDisclosureButtonPressedBackground.png; sourceTree = "<group>"; };
		3AC0C0E816DB3F0F00EBF550 /* SFDisclosureButtonPressedBackground@2x.png */ = {isa = PBXFileReference; lastKnownFileType = image.png; path = "SFDisclosureButtonPressedBackground@2x.png"; sourceTree = "<group>"; };
		3ADFD8EB16E7FD07003B1D22 /* FuturaCom-Medium.ttf */ = {isa = PBXFileReference; lastKnownFileType = file; path = "FuturaCom-Medium.ttf"; sourceTree = "<group>"; };
		BB49208211714987AAD32B5E /* Pods.xcconfig */ = {isa = PBXFileReference; includeInIndex = 1; lastKnownFileType = text.xcconfig; name = Pods.xcconfig; path = Pods/Pods.xcconfig; sourceTree = SOURCE_ROOT; };
		BC0133068B604C4BA86ECCAD /* libPods.a */ = {isa = PBXFileReference; explicitFileType = archive.ar; includeInIndex = 0; path = libPods.a; sourceTree = BUILT_PRODUCTS_DIR; };
/* End PBXFileReference section */

/* Begin PBXFrameworksBuildPhase section */
		3A6CBA2816DAA60200B4F041 /* Frameworks */ = {
			isa = PBXFrameworksBuildPhase;
			buildActionMask = 2147483647;
			files = (
				3A6CBADB16DAB29A00B4F041 /* MapKit.framework in Frameworks */,
				3A6CBA2F16DAA60200B4F041 /* UIKit.framework in Frameworks */,
				3A6CBA3116DAA60200B4F041 /* Foundation.framework in Frameworks */,
				3A6CBA3316DAA60200B4F041 /* CoreGraphics.framework in Frameworks */,
				A8745C5921024A15A921C4AD /* libPods.a in Frameworks */,
			);
			runOnlyForDeploymentPostprocessing = 0;
		};
/* End PBXFrameworksBuildPhase section */

/* Begin PBXGroup section */
		3A6CBA2216DAA60200B4F041 = {
			isa = PBXGroup;
			children = (
				3A6CBA3416DAA60200B4F041 /* Stanley */,
				3A6CBA2D16DAA60200B4F041 /* Frameworks */,
				3A6CBA2C16DAA60200B4F041 /* Products */,
				BB49208211714987AAD32B5E /* Pods.xcconfig */,
			);
			indentWidth = 4;
			sourceTree = "<group>";
			tabWidth = 4;
			usesTabs = 0;
		};
		3A6CBA2C16DAA60200B4F041 /* Products */ = {
			isa = PBXGroup;
			children = (
				3A6CBA2B16DAA60200B4F041 /* Stanley.app */,
			);
			name = Products;
			sourceTree = "<group>";
		};
		3A6CBA2D16DAA60200B4F041 /* Frameworks */ = {
			isa = PBXGroup;
			children = (
				3A6CBA2E16DAA60200B4F041 /* UIKit.framework */,
				3A6CBA3016DAA60200B4F041 /* Foundation.framework */,
				3A6CBA3216DAA60200B4F041 /* CoreGraphics.framework */,
				3A6CBADA16DAB29A00B4F041 /* MapKit.framework */,
				BC0133068B604C4BA86ECCAD /* libPods.a */,
			);
			name = Frameworks;
			sourceTree = "<group>";
		};
		3A6CBA3416DAA60200B4F041 /* Stanley */ = {
			isa = PBXGroup;
			children = (
				3A6CBA5E16DAA69F00B4F041 /* MSSystemVersion.h */,
				3A6CBA9C16DAA6A000B4F041 /* SFStyleManager.h */,
				3A6CBA9D16DAA6A000B4F041 /* SFStyleManager.m */,
				3A6CBAA016DAA6A000B4F041 /* SSStandard.ttf */,
				3A6CBA3D16DAA60300B4F041 /* SFAppDelegate.h */,
				3A6CBA3E16DAA60300B4F041 /* SFAppDelegate.m */,
				3A6CBA6716DAA69F00B4F041 /* SFConstants.h */,
				3A6CBA6816DAA69F00B4F041 /* SFConstants.m */,
				3A6CBADC16DAB34000B4F041 /* Stanley.xcdatamodeld */,
				3A6CBAE516DAB60700B4F041 /* Map */,
				3A6CBAE416DAB5F500B4F041 /* Views */,
				3A6CBAEA16DAB6C200B4F041 /* Collection View Layouts */,
				3A6CBAE216DAB5B600B4F041 /* Collection View Cells */,
				3A6CBAE016DAB57B00B4F041 /* Collection Reusable Views */,
				3A6CBADF16DAB56100B4F041 /* View Controllers */,
				3A6CBAE316DAB5DD00B4F041 /* Model */,
				3A6CBAE816DAB69200B4F041 /* Resources */,
				3A6CBA3516DAA60200B4F041 /* Supporting Files */,
			);
			path = Stanley;
			sourceTree = "<group>";
		};
		3A6CBA3516DAA60200B4F041 /* Supporting Files */ = {
			isa = PBXGroup;
			children = (
				3A6CBA3616DAA60200B4F041 /* Stanley-Info.plist */,
				3A6CBA3716DAA60200B4F041 /* InfoPlist.strings */,
				3A6CBA3A16DAA60200B4F041 /* main.m */,
				3A6CBA3C16DAA60200B4F041 /* Stanley-Prefix.pch */,
			);
			name = "Supporting Files";
			sourceTree = "<group>";
		};
		3A6CBADF16DAB56100B4F041 /* View Controllers */ = {
			isa = PBXGroup;
			children = (
				3A6CBA7516DAA69F00B4F041 /* SFEventsViewController.h */,
				3A6CBA7616DAA69F00B4F041 /* SFEventsViewController.m */,
				3A6CBA7916DAA69F00B4F041 /* SFFilmsViewController.h */,
				3A6CBA7A16DAA69F00B4F041 /* SFFilmsViewController.m */,
				3AB2E43516E78FC500A93A7E /* SFFilmViewController.h */,
				3AB2E43616E78FC500A93A7E /* SFFilmViewController.m */,
				3A6CBA8F16DAA69F00B4F041 /* SFMapViewController.h */,
				3A6CBA9016DAA69F00B4F041 /* SFMapViewController.m */,
				3A6CBA9316DAA69F00B4F041 /* SFMasterViewController.h */,
				3A6CBA9416DAA6A000B4F041 /* SFMasterViewController.m */,
				3A6CBA9716DAA6A000B4F041 /* SFNewsViewController.h */,
				3A6CBA9816DAA6A000B4F041 /* SFNewsViewController.m */,
				3A6CBA9A16DAA6A000B4F041 /* SFSplashViewController.h */,
				3A6CBA9B16DAA6A000B4F041 /* SFSplashViewController.m */,
				3AAF7AED16E94D4100081130 /* SFAboutViewController.h */,
				3AAF7AEE16E94D4100081130 /* SFAboutViewController.m */,
				3AAF7AF316EA943B00081130 /* SFWebViewController.h */,
				3AAF7AF416EA943B00081130 /* SFWebViewController.m */,
				3AAF7AFC16EAA7A500081130 /* SFLocationViewController.h */,
				3AAF7AFD16EAA7A500081130 /* SFLocationViewController.m */,
				3A4CE8DF16EBDF2200C7928C /* SFEventViewController.h */,
				3A4CE8E016EBDF2200C7928C /* SFEventViewController.m */,
			);
			name = "View Controllers";
			sourceTree = "<group>";
		};
		3A6CBAE016DAB57B00B4F041 /* Collection Reusable Views */ = {
			isa = PBXGroup;
			children = (
				3A6CBA6B16DAA69F00B4F041 /* SFCurrentTimeHorizontalGridlineCollectionReusableView.h */,
				3A6CBA6C16DAA69F00B4F041 /* SFCurrentTimeHorizontalGridlineCollectionReusableView.m */,
				3A6CBA6F16DAA69F00B4F041 /* SFCurrentTimeIndicatorCollectionReusableView.h */,
				3A6CBA7016DAA69F00B4F041 /* SFCurrentTimeIndicatorCollectionReusableView.m */,
				3A6CBA7116DAA69F00B4F041 /* SFDayColumnHeaderCollectionReusableView.h */,
				3A6CBA7216DAA69F00B4F041 /* SFDayColumnHeaderCollectionReusableView.m */,
				3A6CBA8316DAA69F00B4F041 /* SFHeaderBackgroundCollectionReusableView.h */,
				3A6CBA8416DAA69F00B4F041 /* SFHeaderBackgroundCollectionReusableView.m */,
				3A6CBA8516DAA69F00B4F041 /* SFHorizontalGridlineCollectionReusableView.h */,
				3A6CBA8616DAA69F00B4F041 /* SFHorizontalGridlineCollectionReusableView.m */,
				3A6CBA9E16DAA6A000B4F041 /* SFTimeRowHeaderCollectionReusableView.h */,
				3A6CBA9F16DAA6A000B4F041 /* SFTimeRowHeaderCollectionReusableView.m */,
			);
			name = "Collection Reusable Views";
			sourceTree = "<group>";
		};
		3A6CBAE216DAB5B600B4F041 /* Collection View Cells */ = {
			isa = PBXGroup;
			children = (
				3A6CBA6116DAA69F00B4F041 /* SFAnnouncementCell.h */,
				3A6CBA6216DAA69F00B4F041 /* SFAnnouncementCell.m */,
				3A6CBA9116DAA69F00B4F041 /* SFMasterCell.h */,
				3A6CBA9216DAA69F00B4F041 /* SFMasterCell.m */,
				3A6CBA7316DAA69F00B4F041 /* SFEventCell.h */,
				3A6CBA7416DAA69F00B4F041 /* SFEventCell.m */,
				3A6CBA7716DAA69F00B4F041 /* SFFilmCell.h */,
				3A6CBA7816DAA69F00B4F041 /* SFFilmCell.m */,
				3AAF7AFF16EAB45300081130 /* SFMapCell.h */,
				3AAF7B0016EAB45300081130 /* SFMapCell.m */,
				3A4CE8E816ED1A1300C7928C /* SFLocationNameCell.h */,
				3A4CE8E916ED1A1300C7928C /* SFLocationNameCell.m */,
				3A4CE8EB16ED2CCA00C7928C /* SFHeroCell.h */,
				3A4CE8EC16ED2CCA00C7928C /* SFHeroCell.m */,
			);
			name = "Collection View Cells";
			sourceTree = "<group>";
		};
		3A6CBAE316DAB5DD00B4F041 /* Model */ = {
			isa = PBXGroup;
			children = (
				3A6CBA4B16DAA69E00B4F041 /* Announcement.h */,
				3A6CBA4C16DAA69E00B4F041 /* Announcement.m */,
				3A6CBA4D16DAA69E00B4F041 /* Event.h */,
				3A6CBA4E16DAA69E00B4F041 /* Event.m */,
				3A6CBA4F16DAA69E00B4F041 /* Film.h */,
				3A6CBA5016DAA69E00B4F041 /* Film.m */,
				3A6CBA5C16DAA69F00B4F041 /* Location.h */,
				3A6CBA5D16DAA69F00B4F041 /* Location.m */,
				3A6CBA5F16DAA69F00B4F041 /* Person.h */,
				3A6CBA6016DAA69F00B4F041 /* Person.m */,
			);
			name = Model;
			sourceTree = "<group>";
		};
		3A6CBAE416DAB5F500B4F041 /* Views */ = {
			isa = PBXGroup;
			children = (
				3A6CBA8D16DAA69F00B4F041 /* SFLogoView.h */,
				3A6CBA8E16DAA69F00B4F041 /* SFLogoView.m */,
				3A6CBA9516DAA6A000B4F041 /* SFNavigationBar.h */,
				3A6CBA9616DAA6A000B4F041 /* SFNavigationBar.m */,
				3AAF7AF016EA55FF00081130 /* SFToolbar.h */,
				3AAF7AF116EA55FF00081130 /* SFToolbar.m */,
				3AAF7AF616EA947500081130 /* SFTryAgainView.h */,
				3AAF7AF716EA947500081130 /* SFTryAgainView.m */,
				3A4CE8E216ECEA2300C7928C /* SFPopoverNavigationBar.h */,
				3A4CE8E316ECEA2300C7928C /* SFPopoverNavigationBar.m */,
				3A4CE8E516ECF16600C7928C /* SFPopoverToolbar.h */,
				3A4CE8E616ECF16600C7928C /* SFPopoverToolbar.m */,
			);
			name = Views;
			sourceTree = "<group>";
		};
		3A6CBAE516DAB60700B4F041 /* Map */ = {
			isa = PBXGroup;
			children = (
				3A6CBA8716DAA69F00B4F041 /* SFLocationAnnotation.h */,
				3A6CBA8816DAA69F00B4F041 /* SFLocationAnnotation.m */,
			);
			name = Map;
			sourceTree = "<group>";
		};
		3A6CBAE616DAB62200B4F041 /* Icon */ = {
			isa = PBXGroup;
			children = (
				3A6CBA5216DAA69E00B4F041 /* Icon-72.png */,
				3A6CBA5316DAA69E00B4F041 /* Icon-72@2x.png */,
				3A6CBA5416DAA69E00B4F041 /* Icon-Small-50.png */,
				3A6CBA5516DAA69F00B4F041 /* Icon-Small-50@2x.png */,
				3A6CBA5616DAA69F00B4F041 /* Icon-Small.png */,
				3A6CBA5716DAA69F00B4F041 /* Icon-Small@2x.png */,
				3A6CBA5816DAA69F00B4F041 /* Icon.png */,
				3A6CBA5916DAA69F00B4F041 /* Icon@2x.png */,
				3A6CBA5A16DAA69F00B4F041 /* iTunesArtwork.png */,
				3A6CBA5B16DAA69F00B4F041 /* iTunesArtwork@2x.png */,
			);
			name = Icon;
			sourceTree = "<group>";
		};
		3A6CBAE716DAB68200B4F041 /* Images */ = {
			isa = PBXGroup;
			children = (
				3A6CBAE616DAB62200B4F041 /* Icon */,
				3AAF7ACC16E8243600081130 /* GIKPopoverBackgroundView */,
				3AAF7AF916EA9E3400081130 /* Film Cell Favorite Indicator */,
				3AAF7AFA16EA9E4300081130 /* Disclosure Button Background */,
				3AAF7AFB16EA9E4E00081130 /* Default */,
				3A6CBA9916DAA6A000B4F041 /* SFSplashBackground.jpg */,
				3A6CBA6916DAA69F00B4F041 /* SFCurrentTimeHorizontalGridlineBackground.png */,
				3A6CBA6A16DAA69F00B4F041 /* SFCurrentTimeHorizontalGridlineBackground@2x.png */,
				3A6CBA6D16DAA69F00B4F041 /* SFCurrentTimeIndicatorBackground.png */,
				3A6CBA6E16DAA69F00B4F041 /* SFCurrentTimeIndicatorBackground@2x.png */,
				3A6CBA7B16DAA69F00B4F041 /* SFFooterBackground.png */,
				3A6CBA7C16DAA69F00B4F041 /* SFFooterBackground@2x.png */,
				3A6CBA7D16DAA69F00B4F041 /* SFFooterBackground@2x~ipad.png */,
				3A6CBA7E16DAA69F00B4F041 /* SFFooterBackground~ipad.png */,
				3A6CBA7F16DAA69F00B4F041 /* SFHeaderBackground.png */,
				3A6CBA8016DAA69F00B4F041 /* SFHeaderBackground@2x.png */,
				3A6CBA8116DAA69F00B4F041 /* SFHeaderBackground@2x~ipad.png */,
				3A6CBA8216DAA69F00B4F041 /* SFHeaderBackground~ipad.png */,
				3A6CBA8916DAA69F00B4F041 /* SFLogoBarButtonItemIcon.png */,
				3A6CBA8A16DAA69F00B4F041 /* SFLogoBarButtonItemIcon@2x.png */,
				3A6CBA8B16DAA69F00B4F041 /* SFLogoBarButtonItemIcon@2x~ipad.png */,
				3A6CBA8C16DAA69F00B4F041 /* SFLogoBarButtonItemIcon~ipad.png */,
			);
			name = Images;
			sourceTree = "<group>";
		};
		3A6CBAE816DAB69200B4F041 /* Resources */ = {
			isa = PBXGroup;
			children = (
				3A6CBAE916DAB6B200B4F041 /* Fonts */,
				3A6CBAE716DAB68200B4F041 /* Images */,
			);
			name = Resources;
			sourceTree = "<group>";
		};
		3A6CBAE916DAB6B200B4F041 /* Fonts */ = {
			isa = PBXGroup;
			children = (
				3A6CBA5116DAA69E00B4F041 /* FuturaCom-Bold.ttf */,
				3ADFD8EB16E7FD07003B1D22 /* FuturaCom-Medium.ttf */,
			);
			name = Fonts;
			sourceTree = "<group>";
		};
		3A6CBAEA16DAB6C200B4F041 /* Collection View Layouts */ = {
			isa = PBXGroup;
			children = (
				3A6CBA6316DAA69F00B4F041 /* SFCollectionViewStickyHeaderFlowLayout.h */,
				3A6CBA6416DAA69F00B4F041 /* SFCollectionViewStickyHeaderFlowLayout.m */,
			);
			name = "Collection View Layouts";
			sourceTree = "<group>";
		};
		3AAF7ACC16E8243600081130 /* GIKPopoverBackgroundView */ = {
			isa = PBXGroup;
			children = (
				3AAF7ACD16E8244500081130 /* PopoverBackgroundArrowDown.png */,
				3AAF7ACE16E8244500081130 /* PopoverBackgroundArrowDown@2x.png */,
				3AAF7ACF16E8244500081130 /* PopoverBackgroundArrowDownRight.png */,
				3AAF7AD016E8244500081130 /* PopoverBackgroundArrowDownRight@2x.png */,
				3AAF7AD116E8244500081130 /* PopoverBackgroundArrowSide.png */,
				3AAF7AD216E8244500081130 /* PopoverBackgroundArrowSide@2x.png */,
				3AAF7AD316E8244500081130 /* PopoverBackgroundArrowSideBottom.png */,
				3AAF7AD416E8244500081130 /* PopoverBackgroundArrowSideBottom@2x.png */,
				3AAF7AD516E8244500081130 /* PopoverBackgroundArrowSideTop.png */,
				3AAF7AD616E8244500081130 /* PopoverBackgroundArrowSideTop@2x.png */,
				3AAF7AD716E8244500081130 /* PopoverBackgroundArrowUp.png */,
				3AAF7AD816E8244500081130 /* PopoverBackgroundArrowUp@2x.png */,
				3AAF7AD916E8244500081130 /* PopoverBackgroundArrowUpRight.png */,
				3AAF7ADA16E8244500081130 /* PopoverBackgroundArrowUpRight@2x.png */,
			);
			name = GIKPopoverBackgroundView;
			sourceTree = "<group>";
		};
		3AAF7AF916EA9E3400081130 /* Film Cell Favorite Indicator */ = {
			isa = PBXGroup;
			children = (
				3AAF7AE916E9448300081130 /* SFFilmCellFavoriteIndicator.png */,
				3AAF7AEA16E9448300081130 /* SFFilmCellFavoriteIndicator@2x.png */,
			);
			name = "Film Cell Favorite Indicator";
			sourceTree = "<group>";
		};
		3AAF7AFA16EA9E4300081130 /* Disclosure Button Background */ = {
			isa = PBXGroup;
			children = (
				3AC0C0E716DB3F0F00EBF550 /* SFDisclosureButtonPressedBackground.png */,
				3AC0C0E816DB3F0F00EBF550 /* SFDisclosureButtonPressedBackground@2x.png */,
				3AC0C0DF16DB3E5600EBF550 /* SFDisclosureButtonBackground.png */,
				3AC0C0E016DB3E5600EBF550 /* SFDisclosureButtonBackground@2x.png */,
			);
			name = "Disclosure Button Background";
			sourceTree = "<group>";
		};
		3AAF7AFB16EA9E4E00081130 /* Default */ = {
			isa = PBXGroup;
			children = (
				3A6CBA4016DAA60300B4F041 /* Default.png */,
				3A6CBA4216DAA60300B4F041 /* Default@2x.png */,
				3A6CBA4416DAA60300B4F041 /* Default-568h@2x.png */,
			);
			name = Default;
			sourceTree = "<group>";
		};
/* End PBXGroup section */

/* Begin PBXNativeTarget section */
		3A6CBA2A16DAA60200B4F041 /* Stanley */ = {
			isa = PBXNativeTarget;
			buildConfigurationList = 3A6CBA4816DAA60300B4F041 /* Build configuration list for PBXNativeTarget "Stanley" */;
			buildPhases = (
				3A6CBA2716DAA60200B4F041 /* Sources */,
				3A6CBA2816DAA60200B4F041 /* Frameworks */,
				3A6CBA2916DAA60200B4F041 /* Resources */,
				4842284B704D4141BEF62E11 /* Copy Pods Resources */,
				B9795FA3F0C542A99852923C /* Warn for TODO and FIXME comments */,
			);
			buildRules = (
			);
			dependencies = (
			);
			name = Stanley;
			productName = Stanley;
			productReference = 3A6CBA2B16DAA60200B4F041 /* Stanley.app */;
			productType = "com.apple.product-type.application";
		};
/* End PBXNativeTarget section */

/* Begin PBXProject section */
		3A6CBA2316DAA60200B4F041 /* Project object */ = {
			isa = PBXProject;
			attributes = {
				CLASSPREFIX = SF;
				LastUpgradeCheck = 0460;
				ORGANIZATIONNAME = "Monospace Ltd";
			};
			buildConfigurationList = 3A6CBA2616DAA60200B4F041 /* Build configuration list for PBXProject "Stanley" */;
			compatibilityVersion = "Xcode 3.2";
			developmentRegion = English;
			hasScannedForEncodings = 0;
			knownRegions = (
				en,
			);
			mainGroup = 3A6CBA2216DAA60200B4F041;
			productRefGroup = 3A6CBA2C16DAA60200B4F041 /* Products */;
			projectDirPath = "";
			projectRoot = "";
			targets = (
				3A6CBA2A16DAA60200B4F041 /* Stanley */,
			);
		};
/* End PBXProject section */

/* Begin PBXResourcesBuildPhase section */
		3A6CBA2916DAA60200B4F041 /* Resources */ = {
			isa = PBXResourcesBuildPhase;
			buildActionMask = 2147483647;
			files = (
				3A6CBA3916DAA60200B4F041 /* InfoPlist.strings in Resources */,
				3A6CBA4116DAA60300B4F041 /* Default.png in Resources */,
				3A6CBA4316DAA60300B4F041 /* Default@2x.png in Resources */,
				3A6CBA4516DAA60300B4F041 /* Default-568h@2x.png in Resources */,
				3A6CBAA416DAA6A000B4F041 /* FuturaCom-Bold.ttf in Resources */,
				3A6CBAA516DAA6A000B4F041 /* Icon-72.png in Resources */,
				3A6CBAA616DAA6A000B4F041 /* Icon-72@2x.png in Resources */,
				3A6CBAA716DAA6A000B4F041 /* Icon-Small-50.png in Resources */,
				3A6CBAA816DAA6A000B4F041 /* Icon-Small-50@2x.png in Resources */,
				3A6CBAA916DAA6A000B4F041 /* Icon-Small.png in Resources */,
				3A6CBAAA16DAA6A000B4F041 /* Icon-Small@2x.png in Resources */,
				3A6CBAAB16DAA6A000B4F041 /* Icon.png in Resources */,
				3A6CBAAC16DAA6A000B4F041 /* Icon@2x.png in Resources */,
				3A6CBAAD16DAA6A000B4F041 /* iTunesArtwork.png in Resources */,
				3A6CBAAE16DAA6A000B4F041 /* iTunesArtwork@2x.png in Resources */,
				3A6CBAB516DAA6A000B4F041 /* SFCurrentTimeHorizontalGridlineBackground.png in Resources */,
				3A6CBAB616DAA6A000B4F041 /* SFCurrentTimeHorizontalGridlineBackground@2x.png in Resources */,
				3A6CBAB816DAA6A000B4F041 /* SFCurrentTimeIndicatorBackground.png in Resources */,
				3A6CBAB916DAA6A000B4F041 /* SFCurrentTimeIndicatorBackground@2x.png in Resources */,
				3A6CBAC016DAA6A000B4F041 /* SFFooterBackground.png in Resources */,
				3A6CBAC116DAA6A000B4F041 /* SFFooterBackground@2x.png in Resources */,
				3A6CBAC216DAA6A000B4F041 /* SFFooterBackground@2x~ipad.png in Resources */,
				3A6CBAC316DAA6A000B4F041 /* SFFooterBackground~ipad.png in Resources */,
				3A6CBAC416DAA6A000B4F041 /* SFHeaderBackground.png in Resources */,
				3A6CBAC516DAA6A000B4F041 /* SFHeaderBackground@2x.png in Resources */,
				3A6CBAC616DAA6A000B4F041 /* SFHeaderBackground@2x~ipad.png in Resources */,
				3A6CBAC716DAA6A000B4F041 /* SFHeaderBackground~ipad.png in Resources */,
				3A6CBACB16DAA6A000B4F041 /* SFLogoBarButtonItemIcon.png in Resources */,
				3A6CBACC16DAA6A000B4F041 /* SFLogoBarButtonItemIcon@2x.png in Resources */,
				3A6CBACD16DAA6A000B4F041 /* SFLogoBarButtonItemIcon@2x~ipad.png in Resources */,
				3A6CBACE16DAA6A000B4F041 /* SFLogoBarButtonItemIcon~ipad.png in Resources */,
				3A6CBAD516DAA6A000B4F041 /* SFSplashBackground.jpg in Resources */,
				3A6CBAD916DAA6A000B4F041 /* SSStandard.ttf in Resources */,
				3AC0C0E116DB3E5600EBF550 /* SFDisclosureButtonBackground.png in Resources */,
				3AC0C0E216DB3E5600EBF550 /* SFDisclosureButtonBackground@2x.png in Resources */,
				3AC0C0E916DB3F0F00EBF550 /* SFDisclosureButtonPressedBackground.png in Resources */,
				3AC0C0EA16DB3F0F00EBF550 /* SFDisclosureButtonPressedBackground@2x.png in Resources */,
				3ADFD8EC16E7FD07003B1D22 /* FuturaCom-Medium.ttf in Resources */,
				3AAF7ADB16E8244500081130 /* PopoverBackgroundArrowDown.png in Resources */,
				3AAF7ADC16E8244500081130 /* PopoverBackgroundArrowDown@2x.png in Resources */,
				3AAF7ADD16E8244500081130 /* PopoverBackgroundArrowDownRight.png in Resources */,
				3AAF7ADE16E8244500081130 /* PopoverBackgroundArrowDownRight@2x.png in Resources */,
				3AAF7ADF16E8244500081130 /* PopoverBackgroundArrowSide.png in Resources */,
				3AAF7AE016E8244500081130 /* PopoverBackgroundArrowSide@2x.png in Resources */,
				3AAF7AE116E8244500081130 /* PopoverBackgroundArrowSideBottom.png in Resources */,
				3AAF7AE216E8244500081130 /* PopoverBackgroundArrowSideBottom@2x.png in Resources */,
				3AAF7AE316E8244500081130 /* PopoverBackgroundArrowSideTop.png in Resources */,
				3AAF7AE416E8244500081130 /* PopoverBackgroundArrowSideTop@2x.png in Resources */,
				3AAF7AE516E8244500081130 /* PopoverBackgroundArrowUp.png in Resources */,
				3AAF7AE616E8244500081130 /* PopoverBackgroundArrowUp@2x.png in Resources */,
				3AAF7AE716E8244500081130 /* PopoverBackgroundArrowUpRight.png in Resources */,
				3AAF7AE816E8244500081130 /* PopoverBackgroundArrowUpRight@2x.png in Resources */,
				3AAF7AEB16E9448300081130 /* SFFilmCellFavoriteIndicator.png in Resources */,
				3AAF7AEC16E9448300081130 /* SFFilmCellFavoriteIndicator@2x.png in Resources */,
			);
			runOnlyForDeploymentPostprocessing = 0;
		};
/* End PBXResourcesBuildPhase section */

/* Begin PBXShellScriptBuildPhase section */
		4842284B704D4141BEF62E11 /* Copy Pods Resources */ = {
			isa = PBXShellScriptBuildPhase;
			buildActionMask = 2147483647;
			files = (
			);
			inputPaths = (
			);
			name = "Copy Pods Resources";
			outputPaths = (
			);
			runOnlyForDeploymentPostprocessing = 0;
			shellPath = /bin/sh;
			shellScript = "\"${SRCROOT}/Pods/Pods-resources.sh\"\n";
		};
		B9795FA3F0C542A99852923C /* Warn for TODO and FIXME comments */ = {
			isa = PBXShellScriptBuildPhase;
			buildActionMask = 2147483647;
			files = (
			);
			inputPaths = (
			);
			name = "Warn for TODO and FIXME comments";
			outputPaths = (
			);
			runOnlyForDeploymentPostprocessing = 0;
			shellPath = /bin/sh;
			shellScript = "KEYWORDS=\"TODO:|FIXME:|\\?\\?\\?:|\\!\\!\\!:\"\nFILE_EXTENSIONS=\"h|m|mm|c|cpp\"\nfind -E \"${SRCROOT}\" -ipath \"${SRCROOT}/pods\" -prune -o \\( -regex \".*\\.($FILE_EXTENSIONS)$\" \\) -print0 | xargs -0 egrep --with-filename --line-number --only-matching \"($KEYWORDS).*\\$\" | perl -p -e \"s/($KEYWORDS)/ warning: \\$1/\"\n";
		};
/* End PBXShellScriptBuildPhase section */

/* Begin PBXSourcesBuildPhase section */
		3A6CBA2716DAA60200B4F041 /* Sources */ = {
			isa = PBXSourcesBuildPhase;
			buildActionMask = 2147483647;
			files = (
				3A6CBA3B16DAA60200B4F041 /* main.m in Sources */,
				3A6CBA3F16DAA60300B4F041 /* SFAppDelegate.m in Sources */,
				3A6CBAA116DAA6A000B4F041 /* Announcement.m in Sources */,
				3A6CBAA216DAA6A000B4F041 /* Event.m in Sources */,
				3A6CBAA316DAA6A000B4F041 /* Film.m in Sources */,
				3A6CBAAF16DAA6A000B4F041 /* Location.m in Sources */,
				3A6CBAB016DAA6A000B4F041 /* Person.m in Sources */,
				3A6CBAB116DAA6A000B4F041 /* SFAnnouncementCell.m in Sources */,
				3A6CBAB216DAA6A000B4F041 /* SFCollectionViewStickyHeaderFlowLayout.m in Sources */,
				3A6CBAB416DAA6A000B4F041 /* SFConstants.m in Sources */,
				3A6CBAB716DAA6A000B4F041 /* SFCurrentTimeHorizontalGridlineCollectionReusableView.m in Sources */,
				3A6CBABA16DAA6A000B4F041 /* SFCurrentTimeIndicatorCollectionReusableView.m in Sources */,
				3A6CBABB16DAA6A000B4F041 /* SFDayColumnHeaderCollectionReusableView.m in Sources */,
				3A6CBABC16DAA6A000B4F041 /* SFEventCell.m in Sources */,
				3A6CBABD16DAA6A000B4F041 /* SFEventsViewController.m in Sources */,
				3A6CBABE16DAA6A000B4F041 /* SFFilmCell.m in Sources */,
				3A6CBABF16DAA6A000B4F041 /* SFFilmsViewController.m in Sources */,
				3A6CBAC816DAA6A000B4F041 /* SFHeaderBackgroundCollectionReusableView.m in Sources */,
				3A6CBAC916DAA6A000B4F041 /* SFHorizontalGridlineCollectionReusableView.m in Sources */,
				3A6CBACA16DAA6A000B4F041 /* SFLocationAnnotation.m in Sources */,
				3A6CBACF16DAA6A000B4F041 /* SFLogoView.m in Sources */,
				3A6CBAD016DAA6A000B4F041 /* SFMapViewController.m in Sources */,
				3A6CBAD116DAA6A000B4F041 /* SFMasterCell.m in Sources */,
				3A6CBAD216DAA6A000B4F041 /* SFMasterViewController.m in Sources */,
				3A6CBAD316DAA6A000B4F041 /* SFNavigationBar.m in Sources */,
				3A6CBAD416DAA6A000B4F041 /* SFNewsViewController.m in Sources */,
				3A6CBAD616DAA6A000B4F041 /* SFSplashViewController.m in Sources */,
				3A6CBAD716DAA6A000B4F041 /* SFStyleManager.m in Sources */,
				3A6CBAD816DAA6A000B4F041 /* SFTimeRowHeaderCollectionReusableView.m in Sources */,
				3A6CBADE16DAB34000B4F041 /* Stanley.xcdatamodeld in Sources */,
				3AB2E43716E78FC500A93A7E /* SFFilmViewController.m in Sources */,
				3AAF7AEF16E94D4200081130 /* SFAboutViewController.m in Sources */,
				3AAF7AF216EA55FF00081130 /* SFToolbar.m in Sources */,
				3AAF7AF516EA943C00081130 /* SFWebViewController.m in Sources */,
				3AAF7AF816EA947500081130 /* SFTryAgainView.m in Sources */,
				3AAF7AFE16EAA7A500081130 /* SFLocationViewController.m in Sources */,
				3AAF7B0116EAB45400081130 /* SFMapCell.m in Sources */,
				3A4CE8E116EBDF2200C7928C /* SFEventViewController.m in Sources */,
				3A4CE8E416ECEA2300C7928C /* SFPopoverNavigationBar.m in Sources */,
				3A4CE8E716ECF16600C7928C /* SFPopoverToolbar.m in Sources */,
				3A4CE8EA16ED1A1300C7928C /* SFLocationNameCell.m in Sources */,
				3A4CE8ED16ED2CCA00C7928C /* SFHeroCell.m in Sources */,
			);
			runOnlyForDeploymentPostprocessing = 0;
		};
/* End PBXSourcesBuildPhase section */

/* Begin PBXVariantGroup section */
		3A6CBA3716DAA60200B4F041 /* InfoPlist.strings */ = {
			isa = PBXVariantGroup;
			children = (
				3A6CBA3816DAA60200B4F041 /* en */,
			);
			name = InfoPlist.strings;
			sourceTree = "<group>";
		};
/* End PBXVariantGroup section */

/* Begin XCBuildConfiguration section */
		3A6CBA4616DAA60300B4F041 /* Debug */ = {
			isa = XCBuildConfiguration;
			buildSettings = {
				ALWAYS_SEARCH_USER_PATHS = NO;
				CLANG_CXX_LANGUAGE_STANDARD = "gnu++0x";
				CLANG_CXX_LIBRARY = "libc++";
				CLANG_ENABLE_OBJC_ARC = YES;
				CLANG_WARN_CONSTANT_CONVERSION = YES;
				CLANG_WARN_EMPTY_BODY = YES;
				CLANG_WARN_ENUM_CONVERSION = YES;
				CLANG_WARN_INT_CONVERSION = YES;
				CLANG_WARN__DUPLICATE_METHOD_MATCH = YES;
				"CODE_SIGN_IDENTITY[sdk=iphoneos*]" = "iPhone Developer";
				COPY_PHASE_STRIP = NO;
				GCC_C_LANGUAGE_STANDARD = gnu99;
				GCC_DYNAMIC_NO_PIC = NO;
				GCC_OPTIMIZATION_LEVEL = 0;
				GCC_PREPROCESSOR_DEFINITIONS = (
					"DEBUG=1",
					"$(inherited)",
				);
				GCC_SYMBOLS_PRIVATE_EXTERN = NO;
				GCC_WARN_64_TO_32_BIT_CONVERSION = YES;
				GCC_WARN_ABOUT_MISSING_FIELD_INITIALIZERS = YES;
				GCC_WARN_ABOUT_MISSING_NEWLINE = YES;
				GCC_WARN_ABOUT_RETURN_TYPE = YES;
				GCC_WARN_CHECK_SWITCH_STATEMENTS = YES;
				GCC_WARN_INITIALIZER_NOT_FULLY_BRACKETED = YES;
				GCC_WARN_MISSING_PARENTHESES = YES;
				GCC_WARN_SHADOW = YES;
				GCC_WARN_SIGN_COMPARE = YES;
				GCC_WARN_TYPECHECK_CALLS_TO_PRINTF = YES;
				GCC_WARN_UNDECLARED_SELECTOR = YES;
				GCC_WARN_UNINITIALIZED_AUTOS = YES;
				GCC_WARN_UNUSED_FUNCTION = YES;
				GCC_WARN_UNUSED_LABEL = YES;
				GCC_WARN_UNUSED_VALUE = YES;
				GCC_WARN_UNUSED_VARIABLE = YES;
				IPHONEOS_DEPLOYMENT_TARGET = 6.1;
				ONLY_ACTIVE_ARCH = YES;
				RUN_CLANG_STATIC_ANALYZER = YES;
				SDKROOT = iphoneos;
				TARGETED_DEVICE_FAMILY = "1,2";
			};
			name = Debug;
		};
		3A6CBA4716DAA60300B4F041 /* Release */ = {
			isa = XCBuildConfiguration;
			buildSettings = {
				ALWAYS_SEARCH_USER_PATHS = NO;
				CLANG_CXX_LANGUAGE_STANDARD = "gnu++0x";
				CLANG_CXX_LIBRARY = "libc++";
				CLANG_ENABLE_OBJC_ARC = YES;
				CLANG_WARN_CONSTANT_CONVERSION = YES;
				CLANG_WARN_EMPTY_BODY = YES;
				CLANG_WARN_ENUM_CONVERSION = YES;
				CLANG_WARN_INT_CONVERSION = YES;
				CLANG_WARN__DUPLICATE_METHOD_MATCH = YES;
				"CODE_SIGN_IDENTITY[sdk=iphoneos*]" = "iPhone Developer";
				COPY_PHASE_STRIP = YES;
				GCC_C_LANGUAGE_STANDARD = gnu99;
				GCC_WARN_64_TO_32_BIT_CONVERSION = YES;
				GCC_WARN_ABOUT_MISSING_FIELD_INITIALIZERS = YES;
				GCC_WARN_ABOUT_MISSING_NEWLINE = YES;
				GCC_WARN_ABOUT_RETURN_TYPE = YES;
				GCC_WARN_CHECK_SWITCH_STATEMENTS = YES;
				GCC_WARN_INITIALIZER_NOT_FULLY_BRACKETED = YES;
				GCC_WARN_MISSING_PARENTHESES = YES;
				GCC_WARN_SHADOW = YES;
				GCC_WARN_SIGN_COMPARE = YES;
				GCC_WARN_TYPECHECK_CALLS_TO_PRINTF = YES;
				GCC_WARN_UNDECLARED_SELECTOR = YES;
				GCC_WARN_UNINITIALIZED_AUTOS = YES;
				GCC_WARN_UNUSED_FUNCTION = YES;
				GCC_WARN_UNUSED_LABEL = YES;
				GCC_WARN_UNUSED_VALUE = YES;
				GCC_WARN_UNUSED_VARIABLE = YES;
				IPHONEOS_DEPLOYMENT_TARGET = 6.1;
				OTHER_CFLAGS = "-DNS_BLOCK_ASSERTIONS=1";
				RUN_CLANG_STATIC_ANALYZER = YES;
				SDKROOT = iphoneos;
				TARGETED_DEVICE_FAMILY = "1,2";
				VALIDATE_PRODUCT = YES;
			};
			name = Release;
		};
		3A6CBA4916DAA60300B4F041 /* Debug */ = {
			isa = XCBuildConfiguration;
			baseConfigurationReference = BB49208211714987AAD32B5E /* Pods.xcconfig */;
			buildSettings = {
				GCC_PRECOMPILE_PREFIX_HEADER = YES;
				GCC_PREFIX_HEADER = "Stanley/Stanley-Prefix.pch";
				INFOPLIST_FILE = "Stanley/Stanley-Info.plist";
				IPHONEOS_DEPLOYMENT_TARGET = 6.0;
				PRODUCT_NAME = "$(TARGET_NAME)";
				WRAPPER_EXTENSION = app;
			};
			name = Debug;
		};
		3A6CBA4A16DAA60300B4F041 /* Release */ = {
			isa = XCBuildConfiguration;
			baseConfigurationReference = BB49208211714987AAD32B5E /* Pods.xcconfig */;
			buildSettings = {
				GCC_PRECOMPILE_PREFIX_HEADER = YES;
				GCC_PREFIX_HEADER = "Stanley/Stanley-Prefix.pch";
				GCC_TREAT_WARNINGS_AS_ERRORS = YES;
				INFOPLIST_FILE = "Stanley/Stanley-Info.plist";
				IPHONEOS_DEPLOYMENT_TARGET = 6.0;
				PRODUCT_NAME = "$(TARGET_NAME)";
				WRAPPER_EXTENSION = app;
			};
			name = Release;
		};
/* End XCBuildConfiguration section */

/* Begin XCConfigurationList section */
		3A6CBA2616DAA60200B4F041 /* Build configuration list for PBXProject "Stanley" */ = {
			isa = XCConfigurationList;
			buildConfigurations = (
				3A6CBA4616DAA60300B4F041 /* Debug */,
				3A6CBA4716DAA60300B4F041 /* Release */,
			);
			defaultConfigurationIsVisible = 0;
			defaultConfigurationName = Release;
		};
		3A6CBA4816DAA60300B4F041 /* Build configuration list for PBXNativeTarget "Stanley" */ = {
			isa = XCConfigurationList;
			buildConfigurations = (
				3A6CBA4916DAA60300B4F041 /* Debug */,
				3A6CBA4A16DAA60300B4F041 /* Release */,
			);
			defaultConfigurationIsVisible = 0;
			defaultConfigurationName = Release;
		};
/* End XCConfigurationList section */

/* Begin XCVersionGroup section */
		3A6CBADC16DAB34000B4F041 /* Stanley.xcdatamodeld */ = {
			isa = XCVersionGroup;
			children = (
				3A6CBADD16DAB34000B4F041 /* Stanley.xcdatamodel */,
			);
			currentVersion = 3A6CBADD16DAB34000B4F041 /* Stanley.xcdatamodel */;
			path = Stanley.xcdatamodeld;
			sourceTree = "<group>";
			versionGroupType = wrapper.xcdatamodel;
		};
/* End XCVersionGroup section */
	};
	rootObject = 3A6CBA2316DAA60200B4F041 /* Project object */;
}
